Microsoft Visual Studio Solution File, Format Version 12.00
# Visual Studio 2012
Project("{FAE04EC0-301F-11D3-BF4B-00C04F79EFBC}") = "FirebirdSql.Data.FirebirdClient", "FirebirdSql\Data\FirebirdSql.Data.FirebirdClient.csproj", "{326A24F9-6259-45DB-835C-18DB80728460}"
EndProject
Project("{FAE04EC0-301F-11D3-BF4B-00C04F79EFBC}") = "FirebirdSql.Data.UnitTests", "FirebirdSql\Data\UnitTests\FirebirdSql.Data.UnitTests.csproj", "{D58FD6C4-BC7F-455B-B5FF-9DD7E4B94172}"
EndProject
Project("{2150E333-8FDC-42A3-9474-1A3956D46DE8}") = "WiXInstaller", "WiXInstaller", "{3A776D06-2FF9-49D9-91ED-2CC486381B67}"
	ProjectSection(SolutionItems) = preProject
		WiXInstaller\build.bat = WiXInstaller\build.bat
		WiXInstaller\Install.wxs = WiXInstaller\Install.wxs
	EndProjectSection
EndProject
Global
	GlobalSection(SolutionConfigurationPlatforms) = preSolution
		Debug|Any CPU = Debug|Any CPU
		Debug|Mixed Platforms = Debug|Mixed Platforms
		Debug|Win32 = Debug|Win32
		Debug|x86 = Debug|x86
		Release_20|Any CPU = Release_20|Any CPU
		Release_20|Mixed Platforms = Release_20|Mixed Platforms
		Release_20|Win32 = Release_20|Win32
		Release_20|x86 = Release_20|x86
		Release_35|Any CPU = Release_35|Any CPU
		Release_35|Mixed Platforms = Release_35|Mixed Platforms
		Release_35|Win32 = Release_35|Win32
		Release_35|x86 = Release_35|x86
		Release_Mono_w_Linux|Any CPU = Release_Mono_w_Linux|Any CPU
		Release_Mono_w_Linux|Mixed Platforms = Release_Mono_w_Linux|Mixed Platforms
		Release_Mono_w_Linux|Win32 = Release_Mono_w_Linux|Win32
		Release_Mono_w_Linux|x86 = Release_Mono_w_Linux|x86
		Release|Any CPU = Release|Any CPU
		Release|Mixed Platforms = Release|Mixed Platforms
		Release|Win32 = Release|Win32
		Release|x86 = Release|x86
	EndGlobalSection
	GlobalSection(ProjectConfigurationPlatforms) = postSolution
		{326A24F9-6259-45DB-835C-18DB80728460}.Debug|Any CPU.ActiveCfg = Debug|Any CPU
		{326A24F9-6259-45DB-835C-18DB80728460}.Debug|Any CPU.Build.0 = Debug|Any CPU
		{326A24F9-6259-45DB-835C-18DB80728460}.Debug|Mixed Platforms.ActiveCfg = Debug|Any CPU
		{326A24F9-6259-45DB-835C-18DB80728460}.Debug|Mixed Platforms.Build.0 = Debug|Any CPU
		{326A24F9-6259-45DB-835C-18DB80728460}.Debug|Win32.ActiveCfg = Debug|Any CPU
		{326A24F9-6259-45DB-835C-18DB80728460}.Debug|x86.ActiveCfg = Debug|Any CPU
		{326A24F9-6259-45DB-835C-18DB80728460}.Release_20|Any CPU.ActiveCfg = Release_20|Any CPU
		{326A24F9-6259-45DB-835C-18DB80728460}.Release_20|Any CPU.Build.0 = Release_20|Any CPU
		{326A24F9-6259-45DB-835C-18DB80728460}.Release_20|Mixed Platforms.ActiveCfg = Release_20|Any CPU
		{326A24F9-6259-45DB-835C-18DB80728460}.Release_20|Mixed Platforms.Build.0 = Release_20|Any CPU
		{326A24F9-6259-45DB-835C-18DB80728460}.Release_20|Win32.ActiveCfg = Release_20|Any CPU
		{326A24F9-6259-45DB-835C-18DB80728460}.Release_20|x86.ActiveCfg = Release_20|Any CPU
		{326A24F9-6259-45DB-835C-18DB80728460}.Release_35|Any CPU.ActiveCfg = Release_35|Any CPU
		{326A24F9-6259-45DB-835C-18DB80728460}.Release_35|Any CPU.Build.0 = Release_35|Any CPU
		{326A24F9-6259-45DB-835C-18DB80728460}.Release_35|Mixed Platforms.ActiveCfg = Release_35|Any CPU
		{326A24F9-6259-45DB-835C-18DB80728460}.Release_35|Mixed Platforms.Build.0 = Release_35|Any CPU
		{326A24F9-6259-45DB-835C-18DB80728460}.Release_35|Win32.ActiveCfg = Release_35|Any CPU
		{326A24F9-6259-45DB-835C-18DB80728460}.Release_35|x86.ActiveCfg = Release_35|Any CPU
		{326A24F9-6259-45DB-835C-18DB80728460}.Release_Mono_w_Linux|Any CPU.ActiveCfg = Release_Mono_w_Linux|Any CPU
		{326A24F9-6259-45DB-835C-18DB80728460}.Release_Mono_w_Linux|Any CPU.Build.0 = Release_Mono_w_Linux|Any CPU
		{326A24F9-6259-45DB-835C-18DB80728460}.Release_Mono_w_Linux|Mixed Platforms.ActiveCfg = Release_Mono_w_Linux|Any CPU
		{326A24F9-6259-45DB-835C-18DB80728460}.Release_Mono_w_Linux|Mixed Platforms.Build.0 = Release_Mono_w_Linux|Any CPU
		{326A24F9-6259-45DB-835C-18DB80728460}.Release_Mono_w_Linux|Win32.ActiveCfg = Release_Mono_w_Linux|Any CPU
		{326A24F9-6259-45DB-835C-18DB80728460}.Release_Mono_w_Linux|x86.ActiveCfg = Release_Mono_w_Linux|Any CPU
		{326A24F9-6259-45DB-835C-18DB80728460}.Release|Any CPU.ActiveCfg = Release|Any CPU
		{326A24F9-6259-45DB-835C-18DB80728460}.Release|Any CPU.Build.0 = Release|Any CPU
		{326A24F9-6259-45DB-835C-18DB80728460}.Release|Mixed Platforms.ActiveCfg = Release|Any CPU
		{326A24F9-6259-45DB-835C-18DB80728460}.Release|Mixed Platforms.Build.0 = Release|Any CPU
		{326A24F9-6259-45DB-835C-18DB80728460}.Release|Win32.ActiveCfg = Release|Any CPU
		{326A24F9-6259-45DB-835C-18DB80728460}.Release|x86.ActiveCfg = Release|Any CPU
		{D58FD6C4-BC7F-455B-B5FF-9DD7E4B94172}.Debug|Any CPU.ActiveCfg = Debug|Any CPU
		{D58FD6C4-BC7F-455B-B5FF-9DD7E4B94172}.Debug|Any CPU.Build.0 = Debug|Any CPU
		{D58FD6C4-BC7F-455B-B5FF-9DD7E4B94172}.Debug|Mixed Platforms.ActiveCfg = Debug|Any CPU
		{D58FD6C4-BC7F-455B-B5FF-9DD7E4B94172}.Debug|Mixed Platforms.Build.0 = Debug|Any CPU
		{D58FD6C4-BC7F-455B-B5FF-9DD7E4B94172}.Debug|Win32.ActiveCfg = Debug|Any CPU
		{D58FD6C4-BC7F-455B-B5FF-9DD7E4B94172}.Debug|x86.ActiveCfg = Debug|Any CPU
		{D58FD6C4-BC7F-455B-B5FF-9DD7E4B94172}.Release_20|Any CPU.ActiveCfg = Release|Any CPU
		{D58FD6C4-BC7F-455B-B5FF-9DD7E4B94172}.Release_20|Mixed Platforms.ActiveCfg = Release|Any CPU
		{D58FD6C4-BC7F-455B-B5FF-9DD7E4B94172}.Release_20|Win32.ActiveCfg = Release|Any CPU
		{D58FD6C4-BC7F-455B-B5FF-9DD7E4B94172}.Release_20|x86.ActiveCfg = Release|Any CPU
		{D58FD6C4-BC7F-455B-B5FF-9DD7E4B94172}.Release_35|Any CPU.ActiveCfg = Release|Any CPU
		{D58FD6C4-BC7F-455B-B5FF-9DD7E4B94172}.Release_35|Mixed Platforms.ActiveCfg = Release|Any CPU
		{D58FD6C4-BC7F-455B-B5FF-9DD7E4B94172}.Release_35|Win32.ActiveCfg = Release|Any CPU
		{D58FD6C4-BC7F-455B-B5FF-9DD7E4B94172}.Release_35|x86.ActiveCfg = Release|Any CPU
		{D58FD6C4-BC7F-455B-B5FF-9DD7E4B94172}.Release_Mono_w_Linux|Any CPU.ActiveCfg = Release|Any CPU
		{D58FD6C4-BC7F-455B-B5FF-9DD7E4B94172}.Release_Mono_w_Linux|Any CPU.Build.0 = Release|Any CPU
		{D58FD6C4-BC7F-455B-B5FF-9DD7E4B94172}.Release_Mono_w_Linux|Mixed Platforms.ActiveCfg = Release|Any CPU
		{D58FD6C4-BC7F-455B-B5FF-9DD7E4B94172}.Release_Mono_w_Linux|Win32.ActiveCfg = Release|Any CPU
		{D58FD6C4-BC7F-455B-B5FF-9DD7E4B94172}.Release_Mono_w_Linux|x86.ActiveCfg = Release|Any CPU
		{D58FD6C4-BC7F-455B-B5FF-9DD7E4B94172}.Release|Any CPU.ActiveCfg = Release|Any CPU
		{D58FD6C4-BC7F-455B-B5FF-9DD7E4B94172}.Release|Any CPU.Build.0 = Release|Any CPU
		{D58FD6C4-BC7F-455B-B5FF-9DD7E4B94172}.Release|Mixed Platforms.ActiveCfg = Release|Any CPU
		{D58FD6C4-BC7F-455B-B5FF-9DD7E4B94172}.Release|Mixed Platforms.Build.0 = Release|Any CPU
		{D58FD6C4-BC7F-455B-B5FF-9DD7E4B94172}.Release|Win32.ActiveCfg = Release|Any CPU
		{D58FD6C4-BC7F-455B-B5FF-9DD7E4B94172}.Release|x86.ActiveCfg = Release|Any CPU
	EndGlobalSection
	GlobalSection(SolutionProperties) = preSolution
		HideSolutionNode = FALSE
	EndGlobalSection
	GlobalSection(TextTemplating) = postSolution
		TextTemplating = 1
	EndGlobalSection
EndGlobal
