Microsoft Visual Studio Solution File, Format Version 10.00
# Visual Studio 2008
Project("{FAE04EC0-301F-11D3-BF4B-00C04F79EFBC}") = "FirebirdSql.Data.FirebirdClient", "FirebirdSql\Data\FirebirdSql.Data.FirebirdClient.csproj", "{326A24F9-6259-45DB-835C-18DB80728460}"
EndProject
Project("{FAE04EC0-301F-11D3-BF4B-00C04F79EFBC}") = "FirebirdSql.Data.UnitTests", "FirebirdSql\Data\UnitTests\FirebirdSql.Data.UnitTests.csproj", "{D58FD6C4-BC7F-455B-B5FF-9DD7E4B94172}"
EndProject
Global
	GlobalSection(SolutionConfigurationPlatforms) = preSolution
		Debug|Any CPU = Debug|Any CPU
		Debug|Mixed Platforms = Debug|Mixed Platforms
		Debug|Win32 = Debug|Win32
		EntityFW|Any CPU = EntityFW|Any CPU
		EntityFW|Mixed Platforms = EntityFW|Mixed Platforms
		EntityFW|Win32 = EntityFW|Win32
		Release20|Any CPU = Release20|Any CPU
		Release20|Mixed Platforms = Release20|Mixed Platforms
		Release20|Win32 = Release20|Win32
		Release35|Any CPU = Release35|Any CPU
		Release35|Mixed Platforms = Release35|Mixed Platforms
		Release35|Win32 = Release35|Win32
	EndGlobalSection
	GlobalSection(ProjectConfigurationPlatforms) = postSolution
		{326A24F9-6259-45DB-835C-18DB80728460}.Debug|Any CPU.ActiveCfg = Debug|Any CPU
		{326A24F9-6259-45DB-835C-18DB80728460}.Debug|Any CPU.Build.0 = Debug|Any CPU
		{326A24F9-6259-45DB-835C-18DB80728460}.Debug|Mixed Platforms.ActiveCfg = Debug|Any CPU
		{326A24F9-6259-45DB-835C-18DB80728460}.Debug|Mixed Platforms.Build.0 = Debug|Any CPU
		{326A24F9-6259-45DB-835C-18DB80728460}.Debug|Win32.ActiveCfg = Debug|Any CPU
		{326A24F9-6259-45DB-835C-18DB80728460}.EntityFW|Any CPU.ActiveCfg = EntityFW|Any CPU
		{326A24F9-6259-45DB-835C-18DB80728460}.EntityFW|Any CPU.Build.0 = EntityFW|Any CPU
		{326A24F9-6259-45DB-835C-18DB80728460}.EntityFW|Mixed Platforms.ActiveCfg = EntityFW|Any CPU
		{326A24F9-6259-45DB-835C-18DB80728460}.EntityFW|Mixed Platforms.Build.0 = EntityFW|Any CPU
		{326A24F9-6259-45DB-835C-18DB80728460}.EntityFW|Win32.ActiveCfg = EntityFW|Any CPU
		{326A24F9-6259-45DB-835C-18DB80728460}.Release20|Any CPU.ActiveCfg = Release20|Any CPU
		{326A24F9-6259-45DB-835C-18DB80728460}.Release20|Any CPU.Build.0 = Release20|Any CPU
		{326A24F9-6259-45DB-835C-18DB80728460}.Release20|Mixed Platforms.ActiveCfg = Release20|Any CPU
		{326A24F9-6259-45DB-835C-18DB80728460}.Release20|Mixed Platforms.Build.0 = Release20|Any CPU
		{326A24F9-6259-45DB-835C-18DB80728460}.Release20|Win32.ActiveCfg = Release20|Any CPU
		{326A24F9-6259-45DB-835C-18DB80728460}.Release35|Any CPU.ActiveCfg = Release35|Any CPU
		{326A24F9-6259-45DB-835C-18DB80728460}.Release35|Any CPU.Build.0 = Release35|Any CPU
		{326A24F9-6259-45DB-835C-18DB80728460}.Release35|Mixed Platforms.ActiveCfg = Release35|Any CPU
		{326A24F9-6259-45DB-835C-18DB80728460}.Release35|Mixed Platforms.Build.0 = Release35|Any CPU
		{326A24F9-6259-45DB-835C-18DB80728460}.Release35|Win32.ActiveCfg = Release35|Any CPU
		{D58FD6C4-BC7F-455B-B5FF-9DD7E4B94172}.Debug|Any CPU.ActiveCfg = Debug|Any CPU
		{D58FD6C4-BC7F-455B-B5FF-9DD7E4B94172}.Debug|Any CPU.Build.0 = Debug|Any CPU
		{D58FD6C4-BC7F-455B-B5FF-9DD7E4B94172}.Debug|Mixed Platforms.ActiveCfg = Debug|Any CPU
		{D58FD6C4-BC7F-455B-B5FF-9DD7E4B94172}.Debug|Mixed Platforms.Build.0 = Debug|Any CPU
		{D58FD6C4-BC7F-455B-B5FF-9DD7E4B94172}.Debug|Win32.ActiveCfg = Debug|Any CPU
		{D58FD6C4-BC7F-455B-B5FF-9DD7E4B94172}.EntityFW|Any CPU.ActiveCfg = Debug|Any CPU
		{D58FD6C4-BC7F-455B-B5FF-9DD7E4B94172}.EntityFW|Any CPU.Build.0 = Debug|Any CPU
		{D58FD6C4-BC7F-455B-B5FF-9DD7E4B94172}.EntityFW|Mixed Platforms.ActiveCfg = Release|Any CPU
		{D58FD6C4-BC7F-455B-B5FF-9DD7E4B94172}.EntityFW|Mixed Platforms.Build.0 = Release|Any CPU
		{D58FD6C4-BC7F-455B-B5FF-9DD7E4B94172}.EntityFW|Win32.ActiveCfg = Release|Any CPU
		{D58FD6C4-BC7F-455B-B5FF-9DD7E4B94172}.Release20|Any CPU.ActiveCfg = Release|Any CPU
		{D58FD6C4-BC7F-455B-B5FF-9DD7E4B94172}.Release20|Any CPU.Build.0 = Release|Any CPU
		{D58FD6C4-BC7F-455B-B5FF-9DD7E4B94172}.Release20|Mixed Platforms.ActiveCfg = Release|Any CPU
		{D58FD6C4-BC7F-455B-B5FF-9DD7E4B94172}.Release20|Mixed Platforms.Build.0 = Release|Any CPU
		{D58FD6C4-BC7F-455B-B5FF-9DD7E4B94172}.Release20|Win32.ActiveCfg = Release|Any CPU
		{D58FD6C4-BC7F-455B-B5FF-9DD7E4B94172}.Release35|Any CPU.ActiveCfg = Release|Any CPU
		{D58FD6C4-BC7F-455B-B5FF-9DD7E4B94172}.Release35|Any CPU.Build.0 = Release|Any CPU
		{D58FD6C4-BC7F-455B-B5FF-9DD7E4B94172}.Release35|Mixed Platforms.ActiveCfg = Release|Any CPU
		{D58FD6C4-BC7F-455B-B5FF-9DD7E4B94172}.Release35|Mixed Platforms.Build.0 = Release|Any CPU
		{D58FD6C4-BC7F-455B-B5FF-9DD7E4B94172}.Release35|Win32.ActiveCfg = Release|Any CPU
	EndGlobalSection
	GlobalSection(SolutionProperties) = preSolution
		HideSolutionNode = FALSE
	EndGlobalSection
	GlobalSection(TextTemplating) = postSolution
		TextTemplating = 1
	EndGlobalSection
EndGlobal
